
Microsoft Visual Studio Solution File, Format Version 12.00
# Visual Studio Version 16
VisualStudioVersion = 16.0.29409.12
MinimumVisualStudioVersion = 10.0.40219.1
Project("{FAE04EC0-301F-11D3-BF4B-00C04F79EFBC}") = "RSATest", "RSATest\RSATest.csproj", "{292C6CC1-B848-498D-A9AF-91E32BB88387}"
EndProject
Global
	GlobalSection(SolutionConfigurationPlatforms) = preSolution
		Debug|Any CPU = Debug|Any CPU
		Release|Any CPU = Release|Any CPU
	EndGlobalSection
	GlobalSection(ProjectConfigurationPlatforms) = postSolution
		{292C6CC1-B848-498D-A9AF-91E32BB88387}.Debug|Any CPU.ActiveCfg = Debug|Any CPU
		{292C6CC1-B848-498D-A9AF-91E32BB88387}.Debug|Any CPU.Build.0 = Debug|Any CPU
		{292C6CC1-B848-498D-A9AF-91E32BB88387}.Release|Any CPU.ActiveCfg = Release|Any CPU
		{292C6CC1-B848-498D-A9AF-91E32BB88387}.Release|Any CPU.Build.0 = Release|Any CPU
	EndGlobalSection
	GlobalSection(SolutionProperties) = preSolution
		HideSolutionNode = FALSE
	EndGlobalSection
	GlobalSection(ExtensibilityGlobals) = postSolution
		SolutionGuid = {0AEABD9C-89DC-44B9-9AFB-A491B5DE30CE}
	EndGlobalSection
EndGlobal
